
Microsoft Visual Studio Solution File, Format Version 12.00
# Visual Studio Version 17
VisualStudioVersion = 17.9.34607.119
MinimumVisualStudioVersion = 10.0.40219.1
Project("{FAE04EC0-301F-11D3-BF4B-00C04F79EFBC}") = "Sinatal.Net", "Sinatal.Net\Sinatal.Net.csproj", "{F7601515-7DB4-4CB0-BBEA-9E72D382144B}"
EndProject
Global
	GlobalSection(SolutionConfigurationPlatforms) = preSolution
		Debug|Any CPU = Debug|Any CPU
		Release|Any CPU = Release|Any CPU
	EndGlobalSection
	GlobalSection(ProjectConfigurationPlatforms) = postSolution
		{F7601515-7DB4-4CB0-BBEA-9E72D382144B}.Debug|Any CPU.ActiveCfg = Debug|Any CPU
		{F7601515-7DB4-4CB0-BBEA-9E72D382144B}.Debug|Any CPU.Build.0 = Debug|Any CPU
		{F7601515-7DB4-4CB0-BBEA-9E72D382144B}.Release|Any CPU.ActiveCfg = Release|Any CPU
		{F7601515-7DB4-4CB0-BBEA-9E72D382144B}.Release|Any CPU.Build.0 = Release|Any CPU
	EndGlobalSection
	GlobalSection(SolutionProperties) = preSolution
		HideSolutionNode = FALSE
	EndGlobalSection
	GlobalSection(ExtensibilityGlobals) = postSolution
		SolutionGuid = {5E707D61-B626-4334-B5D3-FC1F8093A4F8}
	EndGlobalSection
EndGlobal
